#MicroXplorer Configuration settings - do not modify
CAD.formats=[]
CAD.pinconfig=Dual
CAD.provider=
File.Version=6
GPIO.groupedBy=Group By Peripherals
I2C1.IPParameters=Timing
I2C1.Timing=0x50916E9F
I2C3.IPParameters=Timing
I2C3.Timing=0x50916E9F
KeepUserPlacement=false
Mcu.CPN=STM32G491RET6
Mcu.Family=STM32G4
Mcu.IP0=COMP4
Mcu.IP1=DAC1
Mcu.IP10=TIM3
Mcu.IP11=TIM4
Mcu.IP12=TIM7
Mcu.IP13=TIM20
Mcu.IP14=UART4
Mcu.IP15=UART5
Mcu.IP16=USART3
Mcu.IP2=I2C1
Mcu.IP3=I2C3
Mcu.IP4=NVIC
Mcu.IP5=RCC
Mcu.IP6=RTC
Mcu.IP7=SYS
Mcu.IP8=TIM1
Mcu.IP9=TIM2
Mcu.IPNb=17
Mcu.Name=STM32G491R(C-E)Tx
Mcu.Package=LQFP64
Mcu.Pin0=PC13
Mcu.Pin1=PC14-OSC32_IN
Mcu.Pin10=PA4
Mcu.Pin11=PA5
Mcu.Pin12=PA7
Mcu.Pin13=PC4
Mcu.Pin14=PB0
Mcu.Pin15=PB1
Mcu.Pin16=PB2
Mcu.Pin17=PB10
Mcu.Pin18=PC7
Mcu.Pin19=PC8
Mcu.Pin2=PC15-OSC32_OUT
Mcu.Pin20=PC9
Mcu.Pin21=PA9
Mcu.Pin22=PA10
Mcu.Pin23=PA11
Mcu.Pin24=PA12
Mcu.Pin25=PA13
Mcu.Pin26=PA14
Mcu.Pin27=PA15
Mcu.Pin28=PC10
Mcu.Pin29=PC11
Mcu.Pin3=PF0-OSC_IN
Mcu.Pin30=PC12
Mcu.Pin31=PD2
Mcu.Pin32=PB6
Mcu.Pin33=PB7
Mcu.Pin34=PB9
Mcu.Pin35=VP_DAC1_VS_DACI1
Mcu.Pin36=VP_RTC_VS_RTC_Activate
Mcu.Pin37=VP_RTC_VS_RTC_Calendar
Mcu.Pin38=VP_SYS_VS_Systick
Mcu.Pin39=VP_SYS_VS_DBSignals
Mcu.Pin4=PF1-OSC_OUT
Mcu.Pin40=VP_TIM2_VS_ClockSourceINT
Mcu.Pin41=VP_TIM3_VS_ClockSourceINT
Mcu.Pin42=VP_TIM7_VS_ClockSourceINT
Mcu.Pin43=VP_TIM20_VS_ClockSourceINT
Mcu.Pin5=PC0
Mcu.Pin6=PC1
Mcu.Pin7=PC3
Mcu.Pin8=PA0
Mcu.Pin9=PA1
Mcu.PinsNb=44
Mcu.ThirdPartyNb=0
Mcu.UserConstants=
Mcu.UserName=STM32G491RETx
MxCube.Version=6.12.1
MxDb.Version=DB.6.0.121
NVIC.BusFault_IRQn=true\:0\:0\:false\:false\:true\:false\:false\:false
NVIC.DebugMonitor_IRQn=true\:0\:0\:false\:false\:true\:false\:false\:false
NVIC.EXTI15_10_IRQn=true\:0\:0\:false\:false\:true\:true\:true\:true
NVIC.EXTI3_IRQn=true\:0\:0\:false\:false\:true\:true\:true\:true
NVIC.EXTI4_IRQn=true\:0\:0\:false\:false\:true\:true\:true\:true
NVIC.ForceEnableDMAVector=true
NVIC.HardFault_IRQn=true\:0\:0\:false\:false\:true\:false\:false\:false
NVIC.MemoryManagement_IRQn=true\:0\:0\:false\:false\:true\:false\:false\:false
NVIC.NonMaskableInt_IRQn=true\:0\:0\:false\:false\:true\:false\:false\:false
NVIC.PendSV_IRQn=true\:0\:0\:false\:false\:true\:false\:false\:false
NVIC.PriorityGroup=NVIC_PRIORITYGROUP_4
NVIC.SVCall_IRQn=true\:0\:0\:false\:false\:true\:false\:false\:false
NVIC.SysTick_IRQn=true\:15\:0\:false\:false\:true\:false\:true\:false
NVIC.TIM3_IRQn=true\:0\:0\:false\:false\:true\:true\:true\:true
NVIC.TIM7_IRQn=true\:0\:0\:false\:false\:true\:true\:true\:true
NVIC.UsageFault_IRQn=true\:0\:0\:false\:false\:true\:false\:false\:false
PA0.Signal=S_TIM2_CH1
PA1.Signal=S_TIM2_CH2
PA10.GPIOParameters=PinState,GPIO_PuPd,GPIO_Label,GPIO_ModeDefaultOutputPP
PA10.GPIO_Label=LCD_BRIGHT_MAX
PA10.GPIO_ModeDefaultOutputPP=GPIO_MODE_OUTPUT_OD
PA10.GPIO_PuPd=GPIO_NOPULL
PA10.Locked=true
PA10.PinState=GPIO_PIN_SET
PA10.Signal=GPIO_Output
PA11.GPIOParameters=GPIO_PuPd
PA11.GPIO_PuPd=GPIO_PULLDOWN
PA11.Signal=S_TIM4_CH1
PA12.GPIOParameters=PinState,GPIO_PuPd,GPIO_Label,GPIO_ModeDefaultOutputPP
PA12.GPIO_Label=LCD_BRIGHT_NORM
PA12.GPIO_ModeDefaultOutputPP=GPIO_MODE_OUTPUT_OD
PA12.GPIO_PuPd=GPIO_NOPULL
PA12.Locked=true
PA12.PinState=GPIO_PIN_SET
PA12.Signal=GPIO_Output
PA13.Mode=I2C
PA13.Signal=I2C1_SCL
PA14.Mode=I2C
PA14.Signal=I2C1_SDA
PA15.GPIOParameters=GPIO_Label
PA15.GPIO_Label=TEMP_UNIT_INPUT
PA15.Locked=true
PA15.Signal=GPIO_Input
PA4.GPIOParameters=GPIO_PuPd,GPIO_Label
PA4.GPIO_Label=MIN_INPUT
PA4.GPIO_PuPd=GPIO_PULLUP
PA4.Locked=true
PA4.Signal=GPIO_Input
PA5.GPIOParameters=GPIO_Label
PA5.GPIO_Label=LCD_ENABLE
PA5.Locked=true
PA5.Signal=GPIO_Output
PA7.GPIOParameters=GPIO_Label
PA7.GPIO_Label=LCD_D4
PA7.Locked=true
PA7.Signal=GPIO_Output
PA9.GPIOParameters=GPIO_Label
PA9.GPIO_Label=LCD_D7
PA9.Locked=true
PA9.Signal=GPIO_Output
PB0.Mode=INP
PB0.Signal=COMP4_INP
PB1.Mode=ExternalOutput
PB1.Signal=COMP4_OUT
PB10.Mode=Half_duplex(single_wire_mode)
PB10.Signal=USART3_TX
PB2.Mode=INM
PB2.Signal=COMP4_INM
PB6.GPIOParameters=GPIO_Label
PB6.GPIO_Label=LCD_D5
PB6.Locked=true
PB6.Signal=GPIO_Output
PB7.GPIOParameters=GPIO_PuPd,GPIO_Label
PB7.GPIO_Label=MAKS_INPUT
PB7.GPIO_PuPd=GPIO_PULLUP
PB7.Locked=true
PB7.Signal=GPIO_Input
PB9.GPIOParameters=GPIO_Label
PB9.GPIO_Label=LCD_RS
PB9.Locked=true
PB9.Signal=GPIO_Output
PC0.Signal=S_TIM1_CH1
PC1.Signal=S_TIM1_CH2
PC10.Mode=Asynchronous
PC10.Signal=UART4_TX
PC11.Mode=Asynchronous
PC11.Signal=UART4_RX
PC12.Mode=Asynchronous
PC12.Signal=UART5_TX
PC13.GPIOParameters=GPIO_ModeDefaultEXTI
PC13.GPIO_ModeDefaultEXTI=GPIO_MODE_IT_FALLING
PC13.Locked=true
PC13.Signal=GPXTI13
PC14-OSC32_IN.GPIOParameters=GPIO_PuPd,GPIO_Label
PC14-OSC32_IN.GPIO_Label=MAX_INPUT
PC14-OSC32_IN.GPIO_PuPd=GPIO_PULLUP
PC14-OSC32_IN.Locked=true
PC14-OSC32_IN.Signal=GPIO_Input
PC15-OSC32_OUT.GPIOParameters=GPIO_PuPd,GPIO_Label
PC15-OSC32_OUT.GPIO_Label=MAX_INPU
PC15-OSC32_OUT.GPIO_PuPd=GPIO_PULLUP
PC15-OSC32_OUT.Locked=true
PC15-OSC32_OUT.Signal=GPIO_Input
PC3.GPIOParameters=GPIO_ModeDefaultEXTI
PC3.GPIO_ModeDefaultEXTI=GPIO_MODE_IT_FALLING
PC3.Locked=true
PC3.Signal=GPXTI3
PC4.GPIOParameters=GPIO_ModeDefaultEXTI
PC4.GPIO_ModeDefaultEXTI=GPIO_MODE_IT_RISING_FALLING
PC4.Locked=true
PC4.Signal=GPXTI4
PC7.GPIOParameters=GPIO_Label
PC7.GPIO_Label=LCD_D6
PC7.Locked=true
PC7.Signal=GPIO_Output
PC8.Mode=I2C
PC8.Signal=I2C3_SCL
PC9.Mode=I2C
PC9.Signal=I2C3_SDA
PD2.Mode=Asynchronous
PD2.Signal=UART5_RX
PF0-OSC_IN.Mode=HSE-External-Oscillator
PF0-OSC_IN.Signal=RCC_OSC_IN
PF1-OSC_OUT.Mode=HSE-External-Oscillator
PF1-OSC_OUT.Signal=RCC_OSC_OUT
PinOutPanel.RotationAngle=0
ProjectManager.AskForMigrate=true
ProjectManager.BackupPrevious=false
ProjectManager.CompilerOptimize=6
ProjectManager.ComputerToolchain=false
ProjectManager.CoupleFile=true
ProjectManager.CustomerFirmwarePackage=
ProjectManager.DefaultFWLocation=true
ProjectManager.DeletePrevious=true
ProjectManager.DeviceId=STM32G491RETx
ProjectManager.FirmwarePackage=STM32Cube FW_G4 V1.6.1
ProjectManager.FreePins=false
ProjectManager.HalAssertFull=false
ProjectManager.HeapSize=0x200
ProjectManager.KeepUserCode=true
ProjectManager.LastFirmware=true
ProjectManager.LibraryCopy=0
ProjectManager.MainLocation=Core/Src
ProjectManager.NoMain=false
ProjectManager.PreviousToolchain=
ProjectManager.ProjectBuild=false
ProjectManager.ProjectFileName=STACJA POGODOWA.ioc
ProjectManager.ProjectName=STACJA POGODOWA
ProjectManager.ProjectStructure=
ProjectManager.RegisterCallBack=
ProjectManager.StackSize=0x400
ProjectManager.TargetToolchain=EWARM V8.50
ProjectManager.ToolChainLocation=
ProjectManager.UAScriptAfterPath=
ProjectManager.UAScriptBeforePath=
ProjectManager.UnderRoot=false
ProjectManager.functionlistsort=1-SystemClock_Config-RCC-false-HAL-false,2-MX_GPIO_Init-GPIO-false-HAL-true,3-MX_UART4_Init-UART4-false-HAL-true,4-MX_I2C1_Init-I2C1-false-HAL-true,5-MX_I2C3_Init-I2C3-false-HAL-true,6-MX_RTC_Init-RTC-false-HAL-true,7-MX_UART5_Init-UART5-false-HAL-true,8-MX_DAC1_Init-DAC1-false-HAL-true,9-MX_TIM2_Init-TIM2-false-HAL-true,10-MX_TIM3_Init-TIM3-false-HAL-true,11-MX_USART3_UART_Init-USART3-false-HAL-true,12-MX_TIM4_Init-TIM4-false-HAL-true,13-MX_TIM7_Init-TIM7-false-HAL-true,14-MX_COMP4_Init-COMP4-false-HAL-true,15-MX_TIM1_Init-TIM1-false-HAL-true,16-MX_TIM20_Init-TIM20-false-HAL-true
RCC.ADC12Freq_Value=168000000
RCC.ADC345Freq_Value=168000000
RCC.AHBFreq_Value=168000000
RCC.APB1Freq_Value=168000000
RCC.APB1TimFreq_Value=168000000
RCC.APB2Freq_Value=168000000
RCC.APB2TimFreq_Value=168000000
RCC.CRSFreq_Value=48000000
RCC.CortexFreq_Value=168000000
RCC.EXTERNAL_CLOCK_VALUE=12288000
RCC.FCLKCortexFreq_Value=168000000
RCC.FDCANFreq_Value=168000000
RCC.FamilyName=M
RCC.HCLKFreq_Value=168000000
RCC.HRTIM1Freq_Value=168000000
RCC.HSE_VALUE=8000000
RCC.HSI48_VALUE=48000000
RCC.HSI_VALUE=16000000
RCC.I2C1Freq_Value=168000000
RCC.I2C2Freq_Value=168000000
RCC.I2C3Freq_Value=168000000
RCC.I2SFreq_Value=168000000
RCC.IPParameters=ADC12Freq_Value,ADC345Freq_Value,AHBFreq_Value,APB1Freq_Value,APB1TimFreq_Value,APB2Freq_Value,APB2TimFreq_Value,CRSFreq_Value,CortexFreq_Value,EXTERNAL_CLOCK_VALUE,FCLKCortexFreq_Value,FDCANFreq_Value,FamilyName,HCLKFreq_Value,HRTIM1Freq_Value,HSE_VALUE,HSI48_VALUE,HSI_VALUE,I2C1Freq_Value,I2C2Freq_Value,I2C3Freq_Value,I2SFreq_Value,LPTIM1Freq_Value,LPUART1Freq_Value,LSCOPinFreq_Value,LSE_VALUE,LSI_VALUE,MCO1PinFreq_Value,PLLN,PLLPoutputFreq_Value,PLLQoutputFreq_Value,PLLRCLKFreq_Value,PWRFreq_Value,QSPIFreq_Value,RNGFreq_Value,SAI1Freq_Value,SYSCLKFreq_VALUE,SYSCLKSource,UART4Freq_Value,UART5Freq_Value,USART1Freq_Value,USART2Freq_Value,USART3Freq_Value,USBFreq_Value,VCOInputFreq_Value,VCOOutputFreq_Value
RCC.LPTIM1Freq_Value=168000000
RCC.LPUART1Freq_Value=168000000
RCC.LSCOPinFreq_Value=32000
RCC.LSE_VALUE=32768
RCC.LSI_VALUE=32000
RCC.MCO1PinFreq_Value=16000000
RCC.PLLN=21
RCC.PLLPoutputFreq_Value=168000000
RCC.PLLQoutputFreq_Value=168000000
RCC.PLLRCLKFreq_Value=168000000
RCC.PWRFreq_Value=168000000
RCC.QSPIFreq_Value=168000000
RCC.RNGFreq_Value=48000000
RCC.SAI1Freq_Value=168000000
RCC.SYSCLKFreq_VALUE=168000000
RCC.SYSCLKSource=RCC_SYSCLKSOURCE_PLLCLK
RCC.UART4Freq_Value=168000000
RCC.UART5Freq_Value=168000000
RCC.USART1Freq_Value=168000000
RCC.USART2Freq_Value=168000000
RCC.USART3Freq_Value=168000000
RCC.USBFreq_Value=48000000
RCC.VCOInputFreq_Value=16000000
RCC.VCOOutputFreq_Value=336000000
RTC.Date=17
RTC.Hours=15
RTC.IPParameters=Month,WeekDay,Date,Year,Hours,Minutes
RTC.Minutes=39
RTC.Month=RTC_MONTH_FEBRUARY
RTC.WeekDay=RTC_WEEKDAY_SATURDAY
RTC.Year=24
SH.GPXTI13.0=GPIO_EXTI13
SH.GPXTI13.ConfNb=1
SH.GPXTI3.0=GPIO_EXTI3
SH.GPXTI3.ConfNb=1
SH.GPXTI4.0=GPIO_EXTI4
SH.GPXTI4.ConfNb=1
SH.S_TIM1_CH1.0=TIM1_CH1,Encoder_Interface
SH.S_TIM1_CH1.ConfNb=1
SH.S_TIM1_CH2.0=TIM1_CH2,Encoder_Interface
SH.S_TIM1_CH2.ConfNb=1
SH.S_TIM2_CH1.0=TIM2_CH1,PWM Generation1 CH1
SH.S_TIM2_CH1.ConfNb=1
SH.S_TIM2_CH2.0=TIM2_CH2,PWM Generation2 CH2
SH.S_TIM2_CH2.ConfNb=1
SH.S_TIM4_CH1.0=TIM4_CH1,PWM Generation1 CH1
SH.S_TIM4_CH1.ConfNb=1
TIM2.Channel-PWM\ Generation1\ CH1=TIM_CHANNEL_1
TIM2.Channel-PWM\ Generation2\ CH2=TIM_CHANNEL_2
TIM2.IPParameters=Channel-PWM Generation1 CH1,Channel-PWM Generation2 CH2,Prescaler,PeriodNoDither,PulseNoDither_1,PulseNoDither_2
TIM2.PeriodNoDither=101
TIM2.Prescaler=5000
TIM2.PulseNoDither_1=40
TIM2.PulseNoDither_2=80
TIM3.AutoReloadPreload=TIM_AUTORELOAD_PRELOAD_DISABLE
TIM3.ClockDivision=TIM_CLOCKDIVISION_DIV4
TIM3.IPParameters=Prescaler,PeriodNoDither,ClockDivision,AutoReloadPreload
TIM3.PeriodNoDither=59999
TIM3.Prescaler=59999
TIM4.AutoReloadPreload=TIM_AUTORELOAD_PRELOAD_DISABLE
TIM4.Channel-PWM\ Generation1\ CH1=TIM_CHANNEL_1
TIM4.ClockDivision=TIM_CLOCKDIVISION_DIV4
TIM4.IPParameters=Channel-PWM Generation1 CH1,ClockDivision,Prescaler,AutoReloadPreload,PulseNoDither_1
TIM4.Prescaler=648
TIM4.PulseNoDither_1=32000
TIM7.IPParameters=Prescaler,PeriodNoDither
TIM7.PeriodNoDither=2832
TIM7.Prescaler=59999
UART4.BaudRate=115200
UART4.IPParameters=BaudRate
UART5.BaudRate=9600
UART5.IPParameters=BaudRate
USART3.IPParameters=VirtualMode-Half_duplex(single_wire_mode),OverrunDisableParam
USART3.OverrunDisableParam=ADVFEATURE_OVERRUN_DISABLE
USART3.VirtualMode-Half_duplex(single_wire_mode)=VM_ASYNC
VP_DAC1_VS_DACI1.Mode=DAC_OUT1_Int
VP_DAC1_VS_DACI1.Signal=DAC1_VS_DACI1
VP_RTC_VS_RTC_Activate.Mode=RTC_Enabled
VP_RTC_VS_RTC_Activate.Signal=RTC_VS_RTC_Activate
VP_RTC_VS_RTC_Calendar.Mode=RTC_Calendar
VP_RTC_VS_RTC_Calendar.Signal=RTC_VS_RTC_Calendar
VP_SYS_VS_DBSignals.Mode=DisableDeadBatterySignals
VP_SYS_VS_DBSignals.Signal=SYS_VS_DBSignals
VP_SYS_VS_Systick.Mode=SysTick
VP_SYS_VS_Systick.Signal=SYS_VS_Systick
VP_TIM20_VS_ClockSourceINT.Mode=Internal
VP_TIM20_VS_ClockSourceINT.Signal=TIM20_VS_ClockSourceINT
VP_TIM2_VS_ClockSourceINT.Mode=Internal
VP_TIM2_VS_ClockSourceINT.Signal=TIM2_VS_ClockSourceINT
VP_TIM3_VS_ClockSourceINT.Mode=Internal
VP_TIM3_VS_ClockSourceINT.Signal=TIM3_VS_ClockSourceINT
VP_TIM7_VS_ClockSourceINT.Mode=Enable_Timer
VP_TIM7_VS_ClockSourceINT.Signal=TIM7_VS_ClockSourceINT
board=custom
